// !$*UTF8*$!
{
	archiveVersion = 1;
	classes = {
	};
	objectVersion = 54;
	objects = {

/* Begin PBXBuildFile section */
		00E356F31AD99517003FC87E /* inpsoBinTests.m in Sources */ = {isa = PBXBuildFile; fileRef = 00E356F21AD99517003FC87E /* inpsoBinTests.m */; };
		087EA93439EF443A892466EB /* Montserrat-BoldItalic_0.otf in Resources */ = {isa = PBXBuildFile; fileRef = 978C6C41C16D49E6B139B10E /* Montserrat-BoldItalic_0.otf */; };
		0FE8067BA0A3428E836293EC /* Montserrat-SemiBoldItalic_0.otf in Resources */ = {isa = PBXBuildFile; fileRef = 4C3A2171087A49518B97258C /* Montserrat-SemiBoldItalic_0.otf */; };
		13B07FBC1A68108700A75B9A /* AppDelegate.m in Sources */ = {isa = PBXBuildFile; fileRef = 13B07FB01A68108700A75B9A /* AppDelegate.m */; };
		13B07FBF1A68108700A75B9A /* Images.xcassets in Resources */ = {isa = PBXBuildFile; fileRef = 13B07FB51A68108700A75B9A /* Images.xcassets */; };
		13B07FC11A68108700A75B9A /* main.m in Sources */ = {isa = PBXBuildFile; fileRef = 13B07FB71A68108700A75B9A /* main.m */; };
		1BC7458E7EB34925842E6671 /* Montserrat-Thin_0.otf in Resources */ = {isa = PBXBuildFile; fileRef = 5CAA5119679A4A3192A1871F /* Montserrat-Thin_0.otf */; };
		1BCB7FDFAC87966AC846B5CB /* libPods-inpsoBin-inpsoBinTests.a in Frameworks */ = {isa = PBXBuildFile; fileRef = 589AE7C054DC3AABAB756345 /* libPods-inpsoBin-inpsoBinTests.a */; };
		2312BCA33EFF472796340BC3 /* Montserrat-ExtraBold_0.otf in Resources */ = {isa = PBXBuildFile; fileRef = 5D9E6AF817AD40BAAE103337 /* Montserrat-ExtraBold_0.otf */; };
		34354D7BE449425F91832CFB /* Montserrat-Italic_0.otf in Resources */ = {isa = PBXBuildFile; fileRef = EFFBF269CADF44B98174D3CA /* Montserrat-Italic_0.otf */; };
		3B6D73694E94447293AAAEF4 /* Montserrat-Light_0.otf in Resources */ = {isa = PBXBuildFile; fileRef = 69FF52BFFCA44E37AC978FEA /* Montserrat-Light_0.otf */; };
		5827DCEF5B944195A2876F1D /* Montserrat-BlackItalic_0.otf in Resources */ = {isa = PBXBuildFile; fileRef = F372A707F4CB407C8238682D /* Montserrat-BlackItalic_0.otf */; };
		6585C2F1594448C19FB39650 /* Montserrat-Bold_0.otf in Resources */ = {isa = PBXBuildFile; fileRef = 74B5C33AD284431C9CA2692E /* Montserrat-Bold_0.otf */; };
		72A4C063AAA848AC83E68EE6 /* Montserrat-Medium_0.otf in Resources */ = {isa = PBXBuildFile; fileRef = 409D83A9DB584F76A7E8CA99 /* Montserrat-Medium_0.otf */; };
		74AD950F157B4575B7B2F917 /* Montserrat-LightItalic_0.otf in Resources */ = {isa = PBXBuildFile; fileRef = 200FFDBE9A964358B00C8670 /* Montserrat-LightItalic_0.otf */; };
		7B3114667131497E8F3AB3B6 /* Montserrat-MediumItalic_0.otf in Resources */ = {isa = PBXBuildFile; fileRef = EDA69CB60B364235B824F3BC /* Montserrat-MediumItalic_0.otf */; };
		81AB9BB82411601600AC10FF /* LaunchScreen.storyboard in Resources */ = {isa = PBXBuildFile; fileRef = 81AB9BB72411601600AC10FF /* LaunchScreen.storyboard */; };
		929814FA29AB428089CF006A /* Montserrat-ExtraLightItalic_0.otf in Resources */ = {isa = PBXBuildFile; fileRef = 9B334CD7CA304B17AAF06A32 /* Montserrat-ExtraLightItalic_0.otf */; };
		94AB6BED2E43454DB687543C /* Montserrat-Black_0.otf in Resources */ = {isa = PBXBuildFile; fileRef = 65D7DAED38E740DA934FA40E /* Montserrat-Black_0.otf */; };
		A4F6DE011217453BB28B477B /* Montserrat-ThinItalic_0.otf in Resources */ = {isa = PBXBuildFile; fileRef = CCDC8158BD5843A9BE09A63B /* Montserrat-ThinItalic_0.otf */; };
		BB7361E14B314550AA61C022 /* Montserrat-ExtraBoldItalic_0.otf in Resources */ = {isa = PBXBuildFile; fileRef = 352F013FAF9F456A8E53ECD8 /* Montserrat-ExtraBoldItalic_0.otf */; };
		D2D69D0EBB62424C82581667 /* Montserrat-ExtraLight_0.otf in Resources */ = {isa = PBXBuildFile; fileRef = 262063DF81A94002995E0085 /* Montserrat-ExtraLight_0.otf */; };
		D51E0C54B9CD40F6A1D7D491 /* Montserrat-SemiBold_0.otf in Resources */ = {isa = PBXBuildFile; fileRef = 73A79B01369048F091A23ED2 /* Montserrat-SemiBold_0.otf */; };
		FE4EAF5FE02E31797BF814EE /* libPods-inpsoBin.a in Frameworks */ = {isa = PBXBuildFile; fileRef = 3C31CFAFE89EE7801433B5D4 /* libPods-inpsoBin.a */; };
		FE7323D6FF0D4D208291DA8E /* Montserrat-Regular_0.otf in Resources */ = {isa = PBXBuildFile; fileRef = FD747A4B344A463792CA12D1 /* Montserrat-Regular_0.otf */; };
/* End PBXBuildFile section */

/* Begin PBXContainerItemProxy section */
		00E356F41AD99517003FC87E /* PBXContainerItemProxy */ = {
			isa = PBXContainerItemProxy;
			containerPortal = 83CBB9F71A601CBA00E9B192 /* Project object */;
			proxyType = 1;
			remoteGlobalIDString = 13B07F861A680F5B00A75B9A;
			remoteInfo = inpsoBin;
		};
/* End PBXContainerItemProxy section */

/* Begin PBXFileReference section */
		0012D39E0CF2B0D03357C4E4 /* Pods-inpsoBin-inpsoBinTests.release.xcconfig */ = {isa = PBXFileReference; includeInIndex = 1; lastKnownFileType = text.xcconfig; name = "Pods-inpsoBin-inpsoBinTests.release.xcconfig"; path = "Target Support Files/Pods-inpsoBin-inpsoBinTests/Pods-inpsoBin-inpsoBinTests.release.xcconfig"; sourceTree = "<group>"; };
		00E356EE1AD99517003FC87E /* inpsoBinTests.xctest */ = {isa = PBXFileReference; explicitFileType = wrapper.cfbundle; includeInIndex = 0; path = inpsoBinTests.xctest; sourceTree = BUILT_PRODUCTS_DIR; };
		00E356F11AD99517003FC87E /* Info.plist */ = {isa = PBXFileReference; lastKnownFileType = text.plist.xml; path = Info.plist; sourceTree = "<group>"; };
		00E356F21AD99517003FC87E /* inpsoBinTests.m */ = {isa = PBXFileReference; lastKnownFileType = sourcecode.c.objc; path = inpsoBinTests.m; sourceTree = "<group>"; };
		13B07F961A680F5B00A75B9A /* inpsoBin.app */ = {isa = PBXFileReference; explicitFileType = wrapper.application; includeInIndex = 0; path = inpsoBin.app; sourceTree = BUILT_PRODUCTS_DIR; };
		13B07FAF1A68108700A75B9A /* AppDelegate.h */ = {isa = PBXFileReference; fileEncoding = 4; lastKnownFileType = sourcecode.c.h; name = AppDelegate.h; path = inpsoBin/AppDelegate.h; sourceTree = "<group>"; };
		13B07FB01A68108700A75B9A /* AppDelegate.m */ = {isa = PBXFileReference; fileEncoding = 4; lastKnownFileType = sourcecode.c.objc; name = AppDelegate.m; path = inpsoBin/AppDelegate.m; sourceTree = "<group>"; };
		13B07FB51A68108700A75B9A /* Images.xcassets */ = {isa = PBXFileReference; lastKnownFileType = folder.assetcatalog; name = Images.xcassets; path = inpsoBin/Images.xcassets; sourceTree = "<group>"; };
		13B07FB61A68108700A75B9A /* Info.plist */ = {isa = PBXFileReference; fileEncoding = 4; lastKnownFileType = text.plist.xml; name = Info.plist; path = inpsoBin/Info.plist; sourceTree = "<group>"; };
		13B07FB71A68108700A75B9A /* main.m */ = {isa = PBXFileReference; fileEncoding = 4; lastKnownFileType = sourcecode.c.objc; name = main.m; path = inpsoBin/main.m; sourceTree = "<group>"; };
		200FFDBE9A964358B00C8670 /* Montserrat-LightItalic_0.otf */ = {isa = PBXFileReference; explicitFileType = undefined; fileEncoding = 9; includeInIndex = 0; lastKnownFileType = unknown; name = "Montserrat-LightItalic_0.otf"; path = "../src/assets/Fonts/Montserrat-LightItalic_0.otf"; sourceTree = "<group>"; };
		262063DF81A94002995E0085 /* Montserrat-ExtraLight_0.otf */ = {isa = PBXFileReference; explicitFileType = undefined; fileEncoding = 9; includeInIndex = 0; lastKnownFileType = unknown; name = "Montserrat-ExtraLight_0.otf"; path = "../src/assets/Fonts/Montserrat-ExtraLight_0.otf"; sourceTree = "<group>"; };
		352F013FAF9F456A8E53ECD8 /* Montserrat-ExtraBoldItalic_0.otf */ = {isa = PBXFileReference; explicitFileType = undefined; fileEncoding = 9; includeInIndex = 0; lastKnownFileType = unknown; name = "Montserrat-ExtraBoldItalic_0.otf"; path = "../src/assets/Fonts/Montserrat-ExtraBoldItalic_0.otf"; sourceTree = "<group>"; };
		3C31CFAFE89EE7801433B5D4 /* libPods-inpsoBin.a */ = {isa = PBXFileReference; explicitFileType = archive.ar; includeInIndex = 0; path = "libPods-inpsoBin.a"; sourceTree = BUILT_PRODUCTS_DIR; };
		3C612B1B87DCA14BDFE6ADC9 /* Pods-inpsoBin.debug.xcconfig */ = {isa = PBXFileReference; includeInIndex = 1; lastKnownFileType = text.xcconfig; name = "Pods-inpsoBin.debug.xcconfig"; path = "Target Support Files/Pods-inpsoBin/Pods-inpsoBin.debug.xcconfig"; sourceTree = "<group>"; };
		409D83A9DB584F76A7E8CA99 /* Montserrat-Medium_0.otf */ = {isa = PBXFileReference; explicitFileType = undefined; fileEncoding = 9; includeInIndex = 0; lastKnownFileType = unknown; name = "Montserrat-Medium_0.otf"; path = "../src/assets/Fonts/Montserrat-Medium_0.otf"; sourceTree = "<group>"; };
		41EF29C63CFC27DA0E3C5CDF /* Pods-inpsoBin.release.xcconfig */ = {isa = PBXFileReference; includeInIndex = 1; lastKnownFileType = text.xcconfig; name = "Pods-inpsoBin.release.xcconfig"; path = "Target Support Files/Pods-inpsoBin/Pods-inpsoBin.release.xcconfig"; sourceTree = "<group>"; };
		4C3A2171087A49518B97258C /* Montserrat-SemiBoldItalic_0.otf */ = {isa = PBXFileReference; explicitFileType = undefined; fileEncoding = 9; includeInIndex = 0; lastKnownFileType = unknown; name = "Montserrat-SemiBoldItalic_0.otf"; path = "../src/assets/Fonts/Montserrat-SemiBoldItalic_0.otf"; sourceTree = "<group>"; };
		589AE7C054DC3AABAB756345 /* libPods-inpsoBin-inpsoBinTests.a */ = {isa = PBXFileReference; explicitFileType = archive.ar; includeInIndex = 0; path = "libPods-inpsoBin-inpsoBinTests.a"; sourceTree = BUILT_PRODUCTS_DIR; };
		5CAA5119679A4A3192A1871F /* Montserrat-Thin_0.otf */ = {isa = PBXFileReference; explicitFileType = undefined; fileEncoding = 9; includeInIndex = 0; lastKnownFileType = unknown; name = "Montserrat-Thin_0.otf"; path = "../src/assets/Fonts/Montserrat-Thin_0.otf"; sourceTree = "<group>"; };
		5D9E6AF817AD40BAAE103337 /* Montserrat-ExtraBold_0.otf */ = {isa = PBXFileReference; explicitFileType = undefined; fileEncoding = 9; includeInIndex = 0; lastKnownFileType = unknown; name = "Montserrat-ExtraBold_0.otf"; path = "../src/assets/Fonts/Montserrat-ExtraBold_0.otf"; sourceTree = "<group>"; };
		65D7DAED38E740DA934FA40E /* Montserrat-Black_0.otf */ = {isa = PBXFileReference; explicitFileType = undefined; fileEncoding = 9; includeInIndex = 0; lastKnownFileType = unknown; name = "Montserrat-Black_0.otf"; path = "../src/assets/Fonts/Montserrat-Black_0.otf"; sourceTree = "<group>"; };
		69FF52BFFCA44E37AC978FEA /* Montserrat-Light_0.otf */ = {isa = PBXFileReference; explicitFileType = undefined; fileEncoding = 9; includeInIndex = 0; lastKnownFileType = unknown; name = "Montserrat-Light_0.otf"; path = "../src/assets/Fonts/Montserrat-Light_0.otf"; sourceTree = "<group>"; };
		73A79B01369048F091A23ED2 /* Montserrat-SemiBold_0.otf */ = {isa = PBXFileReference; explicitFileType = undefined; fileEncoding = 9; includeInIndex = 0; lastKnownFileType = unknown; name = "Montserrat-SemiBold_0.otf"; path = "../src/assets/Fonts/Montserrat-SemiBold_0.otf"; sourceTree = "<group>"; };
		74B5C33AD284431C9CA2692E /* Montserrat-Bold_0.otf */ = {isa = PBXFileReference; explicitFileType = undefined; fileEncoding = 9; includeInIndex = 0; lastKnownFileType = unknown; name = "Montserrat-Bold_0.otf"; path = "../src/assets/Fonts/Montserrat-Bold_0.otf"; sourceTree = "<group>"; };
		8091D0E7E61B53BDD2D2E1D6 /* Pods-inpsoBin-inpsoBinTests.debug.xcconfig */ = {isa = PBXFileReference; includeInIndex = 1; lastKnownFileType = text.xcconfig; name = "Pods-inpsoBin-inpsoBinTests.debug.xcconfig"; path = "Target Support Files/Pods-inpsoBin-inpsoBinTests/Pods-inpsoBin-inpsoBinTests.debug.xcconfig"; sourceTree = "<group>"; };
		81AB9BB72411601600AC10FF /* LaunchScreen.storyboard */ = {isa = PBXFileReference; fileEncoding = 4; lastKnownFileType = file.storyboard; name = LaunchScreen.storyboard; path = inpsoBin/LaunchScreen.storyboard; sourceTree = "<group>"; };
		978C6C41C16D49E6B139B10E /* Montserrat-BoldItalic_0.otf */ = {isa = PBXFileReference; explicitFileType = undefined; fileEncoding = 9; includeInIndex = 0; lastKnownFileType = unknown; name = "Montserrat-BoldItalic_0.otf"; path = "../src/assets/Fonts/Montserrat-BoldItalic_0.otf"; sourceTree = "<group>"; };
		9B334CD7CA304B17AAF06A32 /* Montserrat-ExtraLightItalic_0.otf */ = {isa = PBXFileReference; explicitFileType = undefined; fileEncoding = 9; includeInIndex = 0; lastKnownFileType = unknown; name = "Montserrat-ExtraLightItalic_0.otf"; path = "../src/assets/Fonts/Montserrat-ExtraLightItalic_0.otf"; sourceTree = "<group>"; };
		CCDC8158BD5843A9BE09A63B /* Montserrat-ThinItalic_0.otf */ = {isa = PBXFileReference; explicitFileType = undefined; fileEncoding = 9; includeInIndex = 0; lastKnownFileType = unknown; name = "Montserrat-ThinItalic_0.otf"; path = "../src/assets/Fonts/Montserrat-ThinItalic_0.otf"; sourceTree = "<group>"; };
		ED297162215061F000B7C4FE /* JavaScriptCore.framework */ = {isa = PBXFileReference; lastKnownFileType = wrapper.framework; name = JavaScriptCore.framework; path = System/Library/Frameworks/JavaScriptCore.framework; sourceTree = SDKROOT; };
		EDA69CB60B364235B824F3BC /* Montserrat-MediumItalic_0.otf */ = {isa = PBXFileReference; explicitFileType = undefined; fileEncoding = 9; includeInIndex = 0; lastKnownFileType = unknown; name = "Montserrat-MediumItalic_0.otf"; path = "../src/assets/Fonts/Montserrat-MediumItalic_0.otf"; sourceTree = "<group>"; };
		EFFBF269CADF44B98174D3CA /* Montserrat-Italic_0.otf */ = {isa = PBXFileReference; explicitFileType = undefined; fileEncoding = 9; includeInIndex = 0; lastKnownFileType = unknown; name = "Montserrat-Italic_0.otf"; path = "../src/assets/Fonts/Montserrat-Italic_0.otf"; sourceTree = "<group>"; };
		F372A707F4CB407C8238682D /* Montserrat-BlackItalic_0.otf */ = {isa = PBXFileReference; explicitFileType = undefined; fileEncoding = 9; includeInIndex = 0; lastKnownFileType = unknown; name = "Montserrat-BlackItalic_0.otf"; path = "../src/assets/Fonts/Montserrat-BlackItalic_0.otf"; sourceTree = "<group>"; };
		FD747A4B344A463792CA12D1 /* Montserrat-Regular_0.otf */ = {isa = PBXFileReference; explicitFileType = undefined; fileEncoding = 9; includeInIndex = 0; lastKnownFileType = unknown; name = "Montserrat-Regular_0.otf"; path = "../src/assets/Fonts/Montserrat-Regular_0.otf"; sourceTree = "<group>"; };
/* End PBXFileReference section */

/* Begin PBXFrameworksBuildPhase section */
		00E356EB1AD99517003FC87E /* Frameworks */ = {
			isa = PBXFrameworksBuildPhase;
			buildActionMask = 2147483647;
			files = (
				1BCB7FDFAC87966AC846B5CB /* libPods-inpsoBin-inpsoBinTests.a in Frameworks */,
			);
			runOnlyForDeploymentPostprocessing = 0;
		};
		13B07F8C1A680F5B00A75B9A /* Frameworks */ = {
			isa = PBXFrameworksBuildPhase;
			buildActionMask = 2147483647;
			files = (
				FE4EAF5FE02E31797BF814EE /* libPods-inpsoBin.a in Frameworks */,
			);
			runOnlyForDeploymentPostprocessing = 0;
		};
/* End PBXFrameworksBuildPhase section */

/* Begin PBXGroup section */
		00E356EF1AD99517003FC87E /* inpsoBinTests */ = {
			isa = PBXGroup;
			children = (
				00E356F21AD99517003FC87E /* inpsoBinTests.m */,
				00E356F01AD99517003FC87E /* Supporting Files */,
			);
			path = inpsoBinTests;
			sourceTree = "<group>";
		};
		00E356F01AD99517003FC87E /* Supporting Files */ = {
			isa = PBXGroup;
			children = (
				00E356F11AD99517003FC87E /* Info.plist */,
			);
			name = "Supporting Files";
			sourceTree = "<group>";
		};
		03B86E000599463689124678 /* Resources */ = {
			isa = PBXGroup;
			children = (
				65D7DAED38E740DA934FA40E /* Montserrat-Black_0.otf */,
				F372A707F4CB407C8238682D /* Montserrat-BlackItalic_0.otf */,
				74B5C33AD284431C9CA2692E /* Montserrat-Bold_0.otf */,
				978C6C41C16D49E6B139B10E /* Montserrat-BoldItalic_0.otf */,
				5D9E6AF817AD40BAAE103337 /* Montserrat-ExtraBold_0.otf */,
				352F013FAF9F456A8E53ECD8 /* Montserrat-ExtraBoldItalic_0.otf */,
				262063DF81A94002995E0085 /* Montserrat-ExtraLight_0.otf */,
				9B334CD7CA304B17AAF06A32 /* Montserrat-ExtraLightItalic_0.otf */,
				EFFBF269CADF44B98174D3CA /* Montserrat-Italic_0.otf */,
				69FF52BFFCA44E37AC978FEA /* Montserrat-Light_0.otf */,
				200FFDBE9A964358B00C8670 /* Montserrat-LightItalic_0.otf */,
				409D83A9DB584F76A7E8CA99 /* Montserrat-Medium_0.otf */,
				EDA69CB60B364235B824F3BC /* Montserrat-MediumItalic_0.otf */,
				FD747A4B344A463792CA12D1 /* Montserrat-Regular_0.otf */,
				73A79B01369048F091A23ED2 /* Montserrat-SemiBold_0.otf */,
				4C3A2171087A49518B97258C /* Montserrat-SemiBoldItalic_0.otf */,
				5CAA5119679A4A3192A1871F /* Montserrat-Thin_0.otf */,
				CCDC8158BD5843A9BE09A63B /* Montserrat-ThinItalic_0.otf */,
			);
			name = Resources;
			sourceTree = "<group>";
		};
		13B07FAE1A68108700A75B9A /* inpsoBin */ = {
			isa = PBXGroup;
			children = (
				13B07FAF1A68108700A75B9A /* AppDelegate.h */,
				13B07FB01A68108700A75B9A /* AppDelegate.m */,
				13B07FB51A68108700A75B9A /* Images.xcassets */,
				13B07FB61A68108700A75B9A /* Info.plist */,
				81AB9BB72411601600AC10FF /* LaunchScreen.storyboard */,
				13B07FB71A68108700A75B9A /* main.m */,
			);
			name = inpsoBin;
			sourceTree = "<group>";
		};
		2D16E6871FA4F8E400B85C8A /* Frameworks */ = {
			isa = PBXGroup;
			children = (
				ED297162215061F000B7C4FE /* JavaScriptCore.framework */,
				3C31CFAFE89EE7801433B5D4 /* libPods-inpsoBin.a */,
				589AE7C054DC3AABAB756345 /* libPods-inpsoBin-inpsoBinTests.a */,
			);
			name = Frameworks;
			sourceTree = "<group>";
		};
		832341AE1AAA6A7D00B99B32 /* Libraries */ = {
			isa = PBXGroup;
			children = (
			);
			name = Libraries;
			sourceTree = "<group>";
		};
		83CBB9F61A601CBA00E9B192 = {
			isa = PBXGroup;
			children = (
				13B07FAE1A68108700A75B9A /* inpsoBin */,
				832341AE1AAA6A7D00B99B32 /* Libraries */,
				00E356EF1AD99517003FC87E /* inpsoBinTests */,
				83CBBA001A601CBA00E9B192 /* Products */,
				2D16E6871FA4F8E400B85C8A /* Frameworks */,
				88BD69BB2520C011D01F4A0A /* Pods */,
				03B86E000599463689124678 /* Resources */,
			);
			indentWidth = 2;
			sourceTree = "<group>";
			tabWidth = 2;
			usesTabs = 0;
		};
		83CBBA001A601CBA00E9B192 /* Products */ = {
			isa = PBXGroup;
			children = (
				13B07F961A680F5B00A75B9A /* inpsoBin.app */,
				00E356EE1AD99517003FC87E /* inpsoBinTests.xctest */,
			);
			name = Products;
			sourceTree = "<group>";
		};
		88BD69BB2520C011D01F4A0A /* Pods */ = {
			isa = PBXGroup;
			children = (
				3C612B1B87DCA14BDFE6ADC9 /* Pods-inpsoBin.debug.xcconfig */,
				41EF29C63CFC27DA0E3C5CDF /* Pods-inpsoBin.release.xcconfig */,
				8091D0E7E61B53BDD2D2E1D6 /* Pods-inpsoBin-inpsoBinTests.debug.xcconfig */,
				0012D39E0CF2B0D03357C4E4 /* Pods-inpsoBin-inpsoBinTests.release.xcconfig */,
			);
			path = Pods;
			sourceTree = "<group>";
		};
/* End PBXGroup section */

/* Begin PBXNativeTarget section */
		00E356ED1AD99517003FC87E /* inpsoBinTests */ = {
			isa = PBXNativeTarget;
			buildConfigurationList = 00E357021AD99517003FC87E /* Build configuration list for PBXNativeTarget "inpsoBinTests" */;
			buildPhases = (
				26B98DC8FD8C637F3301461C /* [CP] Check Pods Manifest.lock */,
				00E356EA1AD99517003FC87E /* Sources */,
				00E356EB1AD99517003FC87E /* Frameworks */,
				00E356EC1AD99517003FC87E /* Resources */,
				475DBCA9F0A2E8F9FBFF58E8 /* [CP] Embed Pods Frameworks */,
				615BC3112734BB0254A25EE3 /* [CP] Copy Pods Resources */,
			);
			buildRules = (
			);
			dependencies = (
				00E356F51AD99517003FC87E /* PBXTargetDependency */,
			);
			name = inpsoBinTests;
			productName = inpsoBinTests;
			productReference = 00E356EE1AD99517003FC87E /* inpsoBinTests.xctest */;
			productType = "com.apple.product-type.bundle.unit-test";
		};
		13B07F861A680F5B00A75B9A /* inpsoBin */ = {
			isa = PBXNativeTarget;
			buildConfigurationList = 13B07F931A680F5B00A75B9A /* Build configuration list for PBXNativeTarget "inpsoBin" */;
			buildPhases = (
				0CABAA8C887A72F67302BD86 /* [CP] Check Pods Manifest.lock */,
				FD10A7F022414F080027D42C /* Start Packager */,
				13B07F871A680F5B00A75B9A /* Sources */,
				13B07F8C1A680F5B00A75B9A /* Frameworks */,
				13B07F8E1A680F5B00A75B9A /* Resources */,
				00DD1BFF1BD5951E006B06BC /* Bundle React Native code and images */,
				EACB8C69273DB18621D26D13 /* [CP] Embed Pods Frameworks */,
				FB1C2132B56C7267705A6540 /* [CP] Copy Pods Resources */,
			);
			buildRules = (
			);
			dependencies = (
			);
			name = inpsoBin;
			productName = inpsoBin;
			productReference = 13B07F961A680F5B00A75B9A /* inpsoBin.app */;
			productType = "com.apple.product-type.application";
		};
/* End PBXNativeTarget section */

/* Begin PBXProject section */
		83CBB9F71A601CBA00E9B192 /* Project object */ = {
			isa = PBXProject;
			attributes = {
				LastUpgradeCheck = 1210;
				TargetAttributes = {
					00E356ED1AD99517003FC87E = {
						CreatedOnToolsVersion = 6.2;
						TestTargetID = 13B07F861A680F5B00A75B9A;
					};
					13B07F861A680F5B00A75B9A = {
						LastSwiftMigration = 1120;
					};
				};
			};
			buildConfigurationList = 83CBB9FA1A601CBA00E9B192 /* Build configuration list for PBXProject "inpsoBin" */;
			compatibilityVersion = "Xcode 12.0";
			developmentRegion = en;
			hasScannedForEncodings = 0;
			knownRegions = (
				en,
				Base,
			);
			mainGroup = 83CBB9F61A601CBA00E9B192;
			productRefGroup = 83CBBA001A601CBA00E9B192 /* Products */;
			projectDirPath = "";
			projectRoot = "";
			targets = (
				13B07F861A680F5B00A75B9A /* inpsoBin */,
				00E356ED1AD99517003FC87E /* inpsoBinTests */,
			);
		};
/* End PBXProject section */

/* Begin PBXResourcesBuildPhase section */
		00E356EC1AD99517003FC87E /* Resources */ = {
			isa = PBXResourcesBuildPhase;
			buildActionMask = 2147483647;
			files = (
			);
			runOnlyForDeploymentPostprocessing = 0;
		};
		13B07F8E1A680F5B00A75B9A /* Resources */ = {
			isa = PBXResourcesBuildPhase;
			buildActionMask = 2147483647;
			files = (
				81AB9BB82411601600AC10FF /* LaunchScreen.storyboard in Resources */,
				13B07FBF1A68108700A75B9A /* Images.xcassets in Resources */,
				94AB6BED2E43454DB687543C /* Montserrat-Black_0.otf in Resources */,
				5827DCEF5B944195A2876F1D /* Montserrat-BlackItalic_0.otf in Resources */,
				6585C2F1594448C19FB39650 /* Montserrat-Bold_0.otf in Resources */,
				087EA93439EF443A892466EB /* Montserrat-BoldItalic_0.otf in Resources */,
				2312BCA33EFF472796340BC3 /* Montserrat-ExtraBold_0.otf in Resources */,
				BB7361E14B314550AA61C022 /* Montserrat-ExtraBoldItalic_0.otf in Resources */,
				D2D69D0EBB62424C82581667 /* Montserrat-ExtraLight_0.otf in Resources */,
				929814FA29AB428089CF006A /* Montserrat-ExtraLightItalic_0.otf in Resources */,
				34354D7BE449425F91832CFB /* Montserrat-Italic_0.otf in Resources */,
				3B6D73694E94447293AAAEF4 /* Montserrat-Light_0.otf in Resources */,
				74AD950F157B4575B7B2F917 /* Montserrat-LightItalic_0.otf in Resources */,
				72A4C063AAA848AC83E68EE6 /* Montserrat-Medium_0.otf in Resources */,
				7B3114667131497E8F3AB3B6 /* Montserrat-MediumItalic_0.otf in Resources */,
				FE7323D6FF0D4D208291DA8E /* Montserrat-Regular_0.otf in Resources */,
				D51E0C54B9CD40F6A1D7D491 /* Montserrat-SemiBold_0.otf in Resources */,
				0FE8067BA0A3428E836293EC /* Montserrat-SemiBoldItalic_0.otf in Resources */,
				1BC7458E7EB34925842E6671 /* Montserrat-Thin_0.otf in Resources */,
				A4F6DE011217453BB28B477B /* Montserrat-ThinItalic_0.otf in Resources */,
			);
			runOnlyForDeploymentPostprocessing = 0;
		};
/* End PBXResourcesBuildPhase section */

/* Begin PBXShellScriptBuildPhase section */
		00DD1BFF1BD5951E006B06BC /* Bundle React Native code and images */ = {
			isa = PBXShellScriptBuildPhase;
			buildActionMask = 2147483647;
			files = (
			);
			inputPaths = (
			);
			name = "Bundle React Native code and images";
			outputPaths = (
			);
			runOnlyForDeploymentPostprocessing = 0;
			shellPath = /bin/sh;
			shellScript = "set -e\n\nexport NODE_BINARY=node\n../node_modules/react-native/scripts/react-native-xcode.sh\n";
		};
		0CABAA8C887A72F67302BD86 /* [CP] Check Pods Manifest.lock */ = {
			isa = PBXShellScriptBuildPhase;
			buildActionMask = 2147483647;
			files = (
			);
			inputFileListPaths = (
			);
			inputPaths = (
				"${PODS_PODFILE_DIR_PATH}/Podfile.lock",
				"${PODS_ROOT}/Manifest.lock",
			);
			name = "[CP] Check Pods Manifest.lock";
			outputFileListPaths = (
			);
			outputPaths = (
				"$(DERIVED_FILE_DIR)/Pods-inpsoBin-checkManifestLockResult.txt",
			);
			runOnlyForDeploymentPostprocessing = 0;
			shellPath = /bin/sh;
			shellScript = "diff \"${PODS_PODFILE_DIR_PATH}/Podfile.lock\" \"${PODS_ROOT}/Manifest.lock\" > /dev/null\nif [ $? != 0 ] ; then\n    # print error to STDERR\n    echo \"error: The sandbox is not in sync with the Podfile.lock. Run 'pod install' or update your CocoaPods installation.\" >&2\n    exit 1\nfi\n# This output is used by Xcode 'outputs' to avoid re-running this script phase.\necho \"SUCCESS\" > \"${SCRIPT_OUTPUT_FILE_0}\"\n";
			showEnvVarsInLog = 0;
		};
		26B98DC8FD8C637F3301461C /* [CP] Check Pods Manifest.lock */ = {
			isa = PBXShellScriptBuildPhase;
			buildActionMask = 2147483647;
			files = (
			);
			inputFileListPaths = (
			);
			inputPaths = (
				"${PODS_PODFILE_DIR_PATH}/Podfile.lock",
				"${PODS_ROOT}/Manifest.lock",
			);
			name = "[CP] Check Pods Manifest.lock";
			outputFileListPaths = (
			);
			outputPaths = (
				"$(DERIVED_FILE_DIR)/Pods-inpsoBin-inpsoBinTests-checkManifestLockResult.txt",
			);
			runOnlyForDeploymentPostprocessing = 0;
			shellPath = /bin/sh;
			shellScript = "diff \"${PODS_PODFILE_DIR_PATH}/Podfile.lock\" \"${PODS_ROOT}/Manifest.lock\" > /dev/null\nif [ $? != 0 ] ; then\n    # print error to STDERR\n    echo \"error: The sandbox is not in sync with the Podfile.lock. Run 'pod install' or update your CocoaPods installation.\" >&2\n    exit 1\nfi\n# This output is used by Xcode 'outputs' to avoid re-running this script phase.\necho \"SUCCESS\" > \"${SCRIPT_OUTPUT_FILE_0}\"\n";
			showEnvVarsInLog = 0;
		};
		475DBCA9F0A2E8F9FBFF58E8 /* [CP] Embed Pods Frameworks */ = {
			isa = PBXShellScriptBuildPhase;
			buildActionMask = 2147483647;
			files = (
			);
			inputFileListPaths = (
				"${PODS_ROOT}/Target Support Files/Pods-inpsoBin-inpsoBinTests/Pods-inpsoBin-inpsoBinTests-frameworks-${CONFIGURATION}-input-files.xcfilelist",
			);
			name = "[CP] Embed Pods Frameworks";
			outputFileListPaths = (
				"${PODS_ROOT}/Target Support Files/Pods-inpsoBin-inpsoBinTests/Pods-inpsoBin-inpsoBinTests-frameworks-${CONFIGURATION}-output-files.xcfilelist",
			);
			runOnlyForDeploymentPostprocessing = 0;
			shellPath = /bin/sh;
			shellScript = "\"${PODS_ROOT}/Target Support Files/Pods-inpsoBin-inpsoBinTests/Pods-inpsoBin-inpsoBinTests-frameworks.sh\"\n";
			showEnvVarsInLog = 0;
		};
		615BC3112734BB0254A25EE3 /* [CP] Copy Pods Resources */ = {
			isa = PBXShellScriptBuildPhase;
			buildActionMask = 2147483647;
			files = (
			);
			inputFileListPaths = (
				"${PODS_ROOT}/Target Support Files/Pods-inpsoBin-inpsoBinTests/Pods-inpsoBin-inpsoBinTests-resources-${CONFIGURATION}-input-files.xcfilelist",
			);
			name = "[CP] Copy Pods Resources";
			outputFileListPaths = (
				"${PODS_ROOT}/Target Support Files/Pods-inpsoBin-inpsoBinTests/Pods-inpsoBin-inpsoBinTests-resources-${CONFIGURATION}-output-files.xcfilelist",
			);
			runOnlyForDeploymentPostprocessing = 0;
			shellPath = /bin/sh;
			shellScript = "\"${PODS_ROOT}/Target Support Files/Pods-inpsoBin-inpsoBinTests/Pods-inpsoBin-inpsoBinTests-resources.sh\"\n";
			showEnvVarsInLog = 0;
		};
		EACB8C69273DB18621D26D13 /* [CP] Embed Pods Frameworks */ = {
			isa = PBXShellScriptBuildPhase;
			buildActionMask = 2147483647;
			files = (
			);
			inputFileListPaths = (
				"${PODS_ROOT}/Target Support Files/Pods-inpsoBin/Pods-inpsoBin-frameworks-${CONFIGURATION}-input-files.xcfilelist",
			);
			name = "[CP] Embed Pods Frameworks";
			outputFileListPaths = (
				"${PODS_ROOT}/Target Support Files/Pods-inpsoBin/Pods-inpsoBin-frameworks-${CONFIGURATION}-output-files.xcfilelist",
			);
			runOnlyForDeploymentPostprocessing = 0;
			shellPath = /bin/sh;
			shellScript = "\"${PODS_ROOT}/Target Support Files/Pods-inpsoBin/Pods-inpsoBin-frameworks.sh\"\n";
			showEnvVarsInLog = 0;
		};
		FB1C2132B56C7267705A6540 /* [CP] Copy Pods Resources */ = {
			isa = PBXShellScriptBuildPhase;
			buildActionMask = 2147483647;
			files = (
			);
			inputFileListPaths = (
				"${PODS_ROOT}/Target Support Files/Pods-inpsoBin/Pods-inpsoBin-resources-${CONFIGURATION}-input-files.xcfilelist",
			);
			name = "[CP] Copy Pods Resources";
			outputFileListPaths = (
				"${PODS_ROOT}/Target Support Files/Pods-inpsoBin/Pods-inpsoBin-resources-${CONFIGURATION}-output-files.xcfilelist",
			);
			runOnlyForDeploymentPostprocessing = 0;
			shellPath = /bin/sh;
			shellScript = "\"${PODS_ROOT}/Target Support Files/Pods-inpsoBin/Pods-inpsoBin-resources.sh\"\n";
			showEnvVarsInLog = 0;
		};
		FD10A7F022414F080027D42C /* Start Packager */ = {
			isa = PBXShellScriptBuildPhase;
			buildActionMask = 2147483647;
			files = (
			);
			inputFileListPaths = (
			);
			inputPaths = (
			);
			name = "Start Packager";
			outputFileListPaths = (
			);
			outputPaths = (
			);
			runOnlyForDeploymentPostprocessing = 0;
			shellPath = /bin/sh;
			shellScript = "export RCT_METRO_PORT=\"${RCT_METRO_PORT:=8081}\"\necho \"export RCT_METRO_PORT=${RCT_METRO_PORT}\" > \"${SRCROOT}/../node_modules/react-native/scripts/.packager.env\"\nif [ -z \"${RCT_NO_LAUNCH_PACKAGER+xxx}\" ] ; then\n  if nc -w 5 -z localhost ${RCT_METRO_PORT} ; then\n    if ! curl -s \"http://localhost:${RCT_METRO_PORT}/status\" | grep -q \"packager-status:running\" ; then\n      echo \"Port ${RCT_METRO_PORT} already in use, packager is either not running or not running correctly\"\n      exit 2\n    fi\n  else\n    open \"$SRCROOT/../node_modules/react-native/scripts/launchPackager.command\" || echo \"Can't start packager automatically\"\n  fi\nfi\n";
			showEnvVarsInLog = 0;
		};
/* End PBXShellScriptBuildPhase section */

/* Begin PBXSourcesBuildPhase section */
		00E356EA1AD99517003FC87E /* Sources */ = {
			isa = PBXSourcesBuildPhase;
			buildActionMask = 2147483647;
			files = (
				00E356F31AD99517003FC87E /* inpsoBinTests.m in Sources */,
			);
			runOnlyForDeploymentPostprocessing = 0;
		};
		13B07F871A680F5B00A75B9A /* Sources */ = {
			isa = PBXSourcesBuildPhase;
			buildActionMask = 2147483647;
			files = (
				13B07FBC1A68108700A75B9A /* AppDelegate.m in Sources */,
				13B07FC11A68108700A75B9A /* main.m in Sources */,
			);
			runOnlyForDeploymentPostprocessing = 0;
		};
/* End PBXSourcesBuildPhase section */

/* Begin PBXTargetDependency section */
		00E356F51AD99517003FC87E /* PBXTargetDependency */ = {
			isa = PBXTargetDependency;
			target = 13B07F861A680F5B00A75B9A /* inpsoBin */;
			targetProxy = 00E356F41AD99517003FC87E /* PBXContainerItemProxy */;
		};
/* End PBXTargetDependency section */

/* Begin XCBuildConfiguration section */
		00E356F61AD99517003FC87E /* Debug */ = {
			isa = XCBuildConfiguration;
			baseConfigurationReference = 8091D0E7E61B53BDD2D2E1D6 /* Pods-inpsoBin-inpsoBinTests.debug.xcconfig */;
			buildSettings = {
				BUNDLE_LOADER = "$(TEST_HOST)";
				GCC_PREPROCESSOR_DEFINITIONS = (
					"DEBUG=1",
					"$(inherited)",
				);
				INFOPLIST_FILE = inpsoBinTests/Info.plist;
				IPHONEOS_DEPLOYMENT_TARGET = 11.0;
				LD_RUNPATH_SEARCH_PATHS = (
					"$(inherited)",
					"@executable_path/Frameworks",
					"@loader_path/Frameworks",
				);
				OTHER_LDFLAGS = (
					"-ObjC",
					"-lc++",
					"$(inherited)",
				);
				PRODUCT_BUNDLE_IDENTIFIER = "org.reactjs.native.example.$(PRODUCT_NAME:rfc1034identifier)";
				PRODUCT_NAME = "$(TARGET_NAME)";
				TEST_HOST = "$(BUILT_PRODUCTS_DIR)/inpsoBin.app/inpsoBin";
			};
			name = Debug;
		};
		00E356F71AD99517003FC87E /* Release */ = {
			isa = XCBuildConfiguration;
			baseConfigurationReference = 0012D39E0CF2B0D03357C4E4 /* Pods-inpsoBin-inpsoBinTests.release.xcconfig */;
			buildSettings = {
				BUNDLE_LOADER = "$(TEST_HOST)";
				COPY_PHASE_STRIP = NO;
				INFOPLIST_FILE = inpsoBinTests/Info.plist;
				IPHONEOS_DEPLOYMENT_TARGET = 11.0;
				LD_RUNPATH_SEARCH_PATHS = (
					"$(inherited)",
					"@executable_path/Frameworks",
					"@loader_path/Frameworks",
				);
				OTHER_LDFLAGS = (
					"-ObjC",
					"-lc++",
					"$(inherited)",
				);
				PRODUCT_BUNDLE_IDENTIFIER = "org.reactjs.native.example.$(PRODUCT_NAME:rfc1034identifier)";
				PRODUCT_NAME = "$(TARGET_NAME)";
				TEST_HOST = "$(BUILT_PRODUCTS_DIR)/inpsoBin.app/inpsoBin";
			};
			name = Release;
		};
		13B07F941A680F5B00A75B9A /* Debug */ = {
			isa = XCBuildConfiguration;
			baseConfigurationReference = 3C612B1B87DCA14BDFE6ADC9 /* Pods-inpsoBin.debug.xcconfig */;
			buildSettings = {
				ASSETCATALOG_COMPILER_APPICON_NAME = AppIcon;
				CLANG_ENABLE_MODULES = YES;
				CURRENT_PROJECT_VERSION = 67;
				DEVELOPMENT_TEAM = 3UZUHUMS3N;
				ENABLE_BITCODE = NO;
				INFOPLIST_FILE = inpsoBin/Info.plist;
				LD_RUNPATH_SEARCH_PATHS = (
					"$(inherited)",
					"@executable_path/Frameworks",
				);
				MARKETING_VERSION = 1.5;
				OTHER_LDFLAGS = (
					"$(inherited)",
					"-ObjC",
					"-lc++",
				);
				PRODUCT_BUNDLE_IDENTIFIER = com.app.rn.InspoBin;
				PRODUCT_NAME = inpsoBin;
				SWIFT_OPTIMIZATION_LEVEL = "-Onone";
				SWIFT_VERSION = 5.0;
				TARGETED_DEVICE_FAMILY = "1,2";
				VERSIONING_SYSTEM = "apple-generic";
			};
			name = Debug;
		};
		13B07F951A680F5B00A75B9A /* Release */ = {
			isa = XCBuildConfiguration;
			baseConfigurationReference = 41EF29C63CFC27DA0E3C5CDF /* Pods-inpsoBin.release.xcconfig */;
			buildSettings = {
				ASSETCATALOG_COMPILER_APPICON_NAME = AppIcon;
				CLANG_ENABLE_MODULES = YES;
				CURRENT_PROJECT_VERSION = 67;
				DEVELOPMENT_TEAM = 3UZUHUMS3N;
				INFOPLIST_FILE = inpsoBin/Info.plist;
				LD_RUNPATH_SEARCH_PATHS = (
					"$(inherited)",
					"@executable_path/Frameworks",
				);
				MARKETING_VERSION = 1.5;
				OTHER_LDFLAGS = (
					"$(inherited)",
					"-ObjC",
					"-lc++",
				);
				PRODUCT_BUNDLE_IDENTIFIER = com.app.rn.InspoBin;
				PRODUCT_NAME = inpsoBin;
				SWIFT_VERSION = 5.0;
				TARGETED_DEVICE_FAMILY = "1,2";
				VERSIONING_SYSTEM = "apple-generic";
			};
			name = Release;
		};
		83CBBA201A601CBA00E9B192 /* Debug */ = {
			isa = XCBuildConfiguration;
			buildSettings = {
				ALWAYS_SEARCH_USER_PATHS = NO;
				CLANG_ANALYZER_LOCALIZABILITY_NONLOCALIZED = YES;
				CLANG_CXX_LANGUAGE_STANDARD = "gnu++0x";
				CLANG_CXX_LIBRARY = "libc++";
				CLANG_ENABLE_MODULES = YES;
				CLANG_ENABLE_OBJC_ARC = YES;
				CLANG_WARN_BLOCK_CAPTURE_AUTORELEASING = YES;
				CLANG_WARN_BOOL_CONVERSION = YES;
				CLANG_WARN_COMMA = YES;
				CLANG_WARN_CONSTANT_CONVERSION = YES;
				CLANG_WARN_DEPRECATED_OBJC_IMPLEMENTATIONS = YES;
				CLANG_WARN_DIRECT_OBJC_ISA_USAGE = YES_ERROR;
				CLANG_WARN_EMPTY_BODY = YES;
				CLANG_WARN_ENUM_CONVERSION = YES;
				CLANG_WARN_INFINITE_RECURSION = YES;
				CLANG_WARN_INT_CONVERSION = YES;
				CLANG_WARN_NON_LITERAL_NULL_CONVERSION = YES;
				CLANG_WARN_OBJC_IMPLICIT_RETAIN_SELF = YES;
				CLANG_WARN_OBJC_LITERAL_CONVERSION = YES;
				CLANG_WARN_OBJC_ROOT_CLASS = YES_ERROR;
				CLANG_WARN_QUOTED_INCLUDE_IN_FRAMEWORK_HEADER = YES;
				CLANG_WARN_RANGE_LOOP_ANALYSIS = YES;
				CLANG_WARN_STRICT_PROTOTYPES = YES;
				CLANG_WARN_SUSPICIOUS_MOVE = YES;
				CLANG_WARN_UNREACHABLE_CODE = YES;
				CLANG_WARN__DUPLICATE_METHOD_MATCH = YES;
				"CODE_SIGN_IDENTITY[sdk=iphoneos*]" = "iPhone Developer";
				COPY_PHASE_STRIP = NO;
				ENABLE_STRICT_OBJC_MSGSEND = YES;
				ENABLE_TESTABILITY = YES;
				"EXCLUDED_ARCHS[sdk=iphonesimulator*]" = "";
				GCC_C_LANGUAGE_STANDARD = gnu99;
				GCC_DYNAMIC_NO_PIC = NO;
				GCC_NO_COMMON_BLOCKS = YES;
				GCC_OPTIMIZATION_LEVEL = 0;
				GCC_PREPROCESSOR_DEFINITIONS = (
					"DEBUG=1",
					"$(inherited)",
				);
				GCC_SYMBOLS_PRIVATE_EXTERN = NO;
				GCC_WARN_64_TO_32_BIT_CONVERSION = YES;
				GCC_WARN_ABOUT_RETURN_TYPE = YES_ERROR;
				GCC_WARN_UNDECLARED_SELECTOR = YES;
				GCC_WARN_UNINITIALIZED_AUTOS = YES_AGGRESSIVE;
				GCC_WARN_UNUSED_FUNCTION = YES;
				GCC_WARN_UNUSED_VARIABLE = YES;
				IPHONEOS_DEPLOYMENT_TARGET = 11.0;
				LD_RUNPATH_SEARCH_PATHS = (
					/usr/lib/swift,
					"$(inherited)",
				);
				LIBRARY_SEARCH_PATHS = (
					"\"$(SDKROOT)/usr/lib/swift\"",
					"\"$(TOOLCHAIN_DIR)/usr/lib/swift/$(PLATFORM_NAME)\"",
					"\"$(inherited)\"",
				);
				MTL_ENABLE_DEBUG_INFO = YES;
				ONLY_ACTIVE_ARCH = YES;
				SDKROOT = iphoneos;
			};
			name = Debug;
		};
		83CBBA211A601CBA00E9B192 /* Release */ = {
			isa = XCBuildConfiguration;
			buildSettings = {
				ALWAYS_SEARCH_USER_PATHS = NO;
				CLANG_ANALYZER_LOCALIZABILITY_NONLOCALIZED = YES;
				CLANG_CXX_LANGUAGE_STANDARD = "gnu++0x";
				CLANG_CXX_LIBRARY = "libc++";
				CLANG_ENABLE_MODULES = YES;
				CLANG_ENABLE_OBJC_ARC = YES;
				CLANG_WARN_BLOCK_CAPTURE_AUTORELEASING = YES;
				CLANG_WARN_BOOL_CONVERSION = YES;
				CLANG_WARN_COMMA = YES;
				CLANG_WARN_CONSTANT_CONVERSION = YES;
				CLANG_WARN_DEPRECATED_OBJC_IMPLEMENTATIONS = YES;
				CLANG_WARN_DIRECT_OBJC_ISA_USAGE = YES_ERROR;
				CLANG_WARN_EMPTY_BODY = YES;
				CLANG_WARN_ENUM_CONVERSION = YES;
				CLANG_WARN_INFINITE_RECURSION = YES;
				CLANG_WARN_INT_CONVERSION = YES;
				CLANG_WARN_NON_LITERAL_NULL_CONVERSION = YES;
				CLANG_WARN_OBJC_IMPLICIT_RETAIN_SELF = YES;
				CLANG_WARN_OBJC_LITERAL_CONVERSION = YES;
				CLANG_WARN_OBJC_ROOT_CLASS = YES_ERROR;
				CLANG_WARN_QUOTED_INCLUDE_IN_FRAMEWORK_HEADER = YES;
				CLANG_WARN_RANGE_LOOP_ANALYSIS = YES;
				CLANG_WARN_STRICT_PROTOTYPES = YES;
				CLANG_WARN_SUSPICIOUS_MOVE = YES;
				CLANG_WARN_UNREACHABLE_CODE = YES;
				CLANG_WARN__DUPLICATE_METHOD_MATCH = YES;
				"CODE_SIGN_IDENTITY[sdk=iphoneos*]" = "iPhone Developer";
				COPY_PHASE_STRIP = YES;
				ENABLE_NS_ASSERTIONS = NO;
				ENABLE_STRICT_OBJC_MSGSEND = YES;
				"EXCLUDED_ARCHS[sdk=iphonesimulator*]" = "";
				GCC_C_LANGUAGE_STANDARD = gnu99;
				GCC_NO_COMMON_BLOCKS = YES;
				GCC_WARN_64_TO_32_BIT_CONVERSION = YES;
				GCC_WARN_ABOUT_RETURN_TYPE = YES_ERROR;
				GCC_WARN_UNDECLARED_SELECTOR = YES;
				GCC_WARN_UNINITIALIZED_AUTOS = YES_AGGRESSIVE;
				GCC_WARN_UNUSED_FUNCTION = YES;
				GCC_WARN_UNUSED_VARIABLE = YES;
				IPHONEOS_DEPLOYMENT_TARGET = 11.0;
				LD_RUNPATH_SEARCH_PATHS = (
					/usr/lib/swift,
					"$(inherited)",
				);
				LIBRARY_SEARCH_PATHS = (
					"\"$(SDKROOT)/usr/lib/swift\"",
					"\"$(TOOLCHAIN_DIR)/usr/lib/swift/$(PLATFORM_NAME)\"",
					"\"$(inherited)\"",
				);
				MTL_ENABLE_DEBUG_INFO = NO;
				SDKROOT = iphoneos;
				VALIDATE_PRODUCT = YES;
			};
			name = Release;
		};
/* End XCBuildConfiguration section */

/* Begin XCConfigurationList section */
		00E357021AD99517003FC87E /* Build configuration list for PBXNativeTarget "inpsoBinTests" */ = {
			isa = XCConfigurationList;
			buildConfigurations = (
				00E356F61AD99517003FC87E /* Debug */,
				00E356F71AD99517003FC87E /* Release */,
			);
			defaultConfigurationIsVisible = 0;
			defaultConfigurationName = Release;
		};
		13B07F931A680F5B00A75B9A /* Build configuration list for PBXNativeTarget "inpsoBin" */ = {
			isa = XCConfigurationList;
			buildConfigurations = (
				13B07F941A680F5B00A75B9A /* Debug */,
				13B07F951A680F5B00A75B9A /* Release */,
			);
			defaultConfigurationIsVisible = 0;
			defaultConfigurationName = Release;
		};
		83CBB9FA1A601CBA00E9B192 /* Build configuration list for PBXProject "inpsoBin" */ = {
			isa = XCConfigurationList;
			buildConfigurations = (
				83CBBA201A601CBA00E9B192 /* Debug */,
				83CBBA211A601CBA00E9B192 /* Release */,
			);
			defaultConfigurationIsVisible = 0;
			defaultConfigurationName = Release;
		};
/* End XCConfigurationList section */
	};
	rootObject = 83CBB9F71A601CBA00E9B192 /* Project object */;
}
